
Microsoft Visual Studio Solution File, Format Version 12.00
Project("{FAE04EC0-301F-11D3-BF4B-00C04F79EFBC}") = "ConsoleApp1", "ConsoleApp1\ConsoleApp1.csproj", "{C9A514C2-36F0-4E18-A48C-97EFCD4B151C}"
EndProject
Global
	GlobalSection(SolutionConfigurationPlatforms) = preSolution
		Debug|Any CPU = Debug|Any CPU
		Release|Any CPU = Release|Any CPU
	EndGlobalSection
	GlobalSection(ProjectConfigurationPlatforms) = postSolution
		{C9A514C2-36F0-4E18-A48C-97EFCD4B151C}.Debug|Any CPU.ActiveCfg = Debug|Any CPU
		{C9A514C2-36F0-4E18-A48C-97EFCD4B151C}.Debug|Any CPU.Build.0 = Debug|Any CPU
		{C9A514C2-36F0-4E18-A48C-97EFCD4B151C}.Release|Any CPU.ActiveCfg = Release|Any CPU
		{C9A514C2-36F0-4E18-A48C-97EFCD4B151C}.Release|Any CPU.Build.0 = Release|Any CPU
	EndGlobalSection
EndGlobal
